# DO NOT EDIT MANUALLY - Managed by Fern Replay
version: "1.0"
generations:
  - commit_sha: fa035322b88a5a8f406e152352e04fe728fc3dfa
    tree_hash: 8e35af79a31647053fb5f06492d08476c6e663f8
    timestamp: 2026-05-25T11:19:40.509Z
    cli_version: unknown
    generator_versions: {}
  - commit_sha: 41a639f122dda717d8611b4aa295680fdafc2ef4
    tree_hash: e1f038778c77b0ce2a33b72952307aa102d672b6
    timestamp: 2026-06-08T16:30:12.541Z
    cli_version: unknown
    generator_versions:
      fernapi/fern-csharp-sdk: 2.66.8
  - commit_sha: a832eff3e1f6ec1e5f8f2f3d21bacb3ff7a60126
    tree_hash: ee813a72b8a88157082f0e7b7d2947a4cc741a26
    timestamp: 2026-06-22T16:27:19.793Z
    cli_version: unknown
    generator_versions:
      fernapi/fern-csharp-sdk: 2.68.5
  - commit_sha: 29e5efa53467c19d872edbfdd73e32dacc093432
    tree_hash: af7a6849b45df6c26291527e9bdad100cc428583
    timestamp: 2026-06-29T11:37:05.123Z
    cli_version: unknown
    generator_versions:
      fernapi/fern-csharp-sdk: 2.68.5
current_generation: 29e5efa53467c19d872edbfdd73e32dacc093432
patches:
  - id: patch-0816e16a
    content_hash: sha256:17a9a52d7557e941a9879ef072a5b51bb135098a4021df914f5c6a344964a947
    original_commit: 0816e16ac6deea213675e5288d1b96ade208183b
    original_message: "chore: update rules engine WASM to v0.4.0 (#158)"
    original_author: Schematic Bot <bot@schematichq.com>
    base_generation: 29e5efa53467c19d872edbfdd73e32dacc093432
    files:
      - WASM_VERSION
    patch_content: |
      diff --git a/WASM_VERSION b/WASM_VERSION
      new file mode 100644
      index 0000000..1d0ba9e
      --- /dev/null
      +++ b/WASM_VERSION
      @@ -0,0 +1 @@
      +0.4.0
    theirs_snapshot:
      WASM_VERSION: |
        0.4.0
    user_owned: true
