# DO NOT EDIT MANUALLY - Managed by Fern Replay
version: "1.0"
generations:
  - commit_sha: fa035322b88a5a8f406e152352e04fe728fc3dfa
    tree_hash: 8e35af79a31647053fb5f06492d08476c6e663f8
    timestamp: 2026-05-25T11:19:40.509Z
    cli_version: unknown
    generator_versions: {}
current_generation: fa035322b88a5a8f406e152352e04fe728fc3dfa
patches: []
