# DO NOT EDIT MANUALLY - Managed by Fern Replay
version: "1.0"
generations:
  - commit_sha: fa035322b88a5a8f406e152352e04fe728fc3dfa
    tree_hash: 8e35af79a31647053fb5f06492d08476c6e663f8
    timestamp: 2026-05-25T11:19:40.509Z
    cli_version: unknown
    generator_versions: {}
  - commit_sha: 41a639f122dda717d8611b4aa295680fdafc2ef4
    tree_hash: e1f038778c77b0ce2a33b72952307aa102d672b6
    timestamp: 2026-06-08T16:30:12.541Z
    cli_version: unknown
    generator_versions:
      fernapi/fern-csharp-sdk: 2.66.8
current_generation: 41a639f122dda717d8611b4aa295680fdafc2ef4
patches: []
