
Microsoft Visual Studio Solution File, Format Version 12.00
# Visual Studio Version 17
VisualStudioVersion = 17.0.31903.59
MinimumVisualStudioVersion = 10.0.40219.1
Project("{FAE04EC0-301F-11D3-BF4B-00C04F79EFBC}") = "Schematic.Client", "Schematic.Client\Schematic.Client.csproj", "{3A157EA0-7F34-4711-95D7-6DE14C02E5CD}"
EndProject
Project("{FAE04EC0-301F-11D3-BF4B-00C04F79EFBC}") = "Schematic.Client.Test", "Schematic.Client.Test\Schematic.Client.Test.csproj", "{2AE55D48-37CE-41E8-8F99-B0F5C3F6F90E}"
EndProject
Global
	GlobalSection(SolutionConfigurationPlatforms) = preSolution
		Debug|Any CPU = Debug|Any CPU
		Release|Any CPU = Release|Any CPU
	EndGlobalSection
	GlobalSection(SolutionProperties) = preSolution
		HideSolutionNode = FALSE
	EndGlobalSection
	GlobalSection(ProjectConfigurationPlatforms) = postSolution
		{3A157EA0-7F34-4711-95D7-6DE14C02E5CD}.Debug|Any CPU.ActiveCfg = Debug|Any CPU
		{3A157EA0-7F34-4711-95D7-6DE14C02E5CD}.Debug|Any CPU.Build.0 = Debug|Any CPU
		{3A157EA0-7F34-4711-95D7-6DE14C02E5CD}.Release|Any CPU.ActiveCfg = Release|Any CPU
		{3A157EA0-7F34-4711-95D7-6DE14C02E5CD}.Release|Any CPU.Build.0 = Release|Any CPU
		{2AE55D48-37CE-41E8-8F99-B0F5C3F6F90E}.Debug|Any CPU.ActiveCfg = Debug|Any CPU
		{2AE55D48-37CE-41E8-8F99-B0F5C3F6F90E}.Debug|Any CPU.Build.0 = Debug|Any CPU
		{2AE55D48-37CE-41E8-8F99-B0F5C3F6F90E}.Release|Any CPU.ActiveCfg = Release|Any CPU
		{2AE55D48-37CE-41E8-8F99-B0F5C3F6F90E}.Release|Any CPU.Build.0 = Release|Any CPU
	EndGlobalSection
EndGlobal
