
Microsoft Visual Studio Solution File, Format Version 12.00
# Visual Studio Version 17
VisualStudioVersion = 17.0.31903.59
MinimumVisualStudioVersion = 10.0.40219.1
Project("{FAE04EC0-301F-11D3-BF4B-00C04F79EFBC}") = "SchematicHQ.Client", "SchematicHQ.Client\SchematicHQ.Client.csproj", "{DA86CA07-0F64-491C-8FF9-4896D014A23E}"
EndProject
Project("{FAE04EC0-301F-11D3-BF4B-00C04F79EFBC}") = "SchematicHQ.Client.Test", "SchematicHQ.Client.Test\SchematicHQ.Client.Test.csproj", "{F033B1AA-2CE7-478F-B1AB-6447ACCEF36C}"
EndProject
Global
	GlobalSection(SolutionConfigurationPlatforms) = preSolution
		Debug|Any CPU = Debug|Any CPU
		Release|Any CPU = Release|Any CPU
	EndGlobalSection
	GlobalSection(SolutionProperties) = preSolution
		HideSolutionNode = FALSE
	EndGlobalSection
	GlobalSection(ProjectConfigurationPlatforms) = postSolution
		{DA86CA07-0F64-491C-8FF9-4896D014A23E}.Debug|Any CPU.ActiveCfg = Debug|Any CPU
		{DA86CA07-0F64-491C-8FF9-4896D014A23E}.Debug|Any CPU.Build.0 = Debug|Any CPU
		{DA86CA07-0F64-491C-8FF9-4896D014A23E}.Release|Any CPU.ActiveCfg = Release|Any CPU
		{DA86CA07-0F64-491C-8FF9-4896D014A23E}.Release|Any CPU.Build.0 = Release|Any CPU
		{F033B1AA-2CE7-478F-B1AB-6447ACCEF36C}.Debug|Any CPU.ActiveCfg = Debug|Any CPU
		{F033B1AA-2CE7-478F-B1AB-6447ACCEF36C}.Debug|Any CPU.Build.0 = Debug|Any CPU
		{F033B1AA-2CE7-478F-B1AB-6447ACCEF36C}.Release|Any CPU.ActiveCfg = Release|Any CPU
		{F033B1AA-2CE7-478F-B1AB-6447ACCEF36C}.Release|Any CPU.Build.0 = Release|Any CPU
	EndGlobalSection
EndGlobal
