
Microsoft Visual Studio Solution File, Format Version 12.00
# Visual Studio Version 17
VisualStudioVersion = 17.0.31903.59
MinimumVisualStudioVersion = 10.0.40219.1
Project("{FAE04EC0-301F-11D3-BF4B-00C04F79EFBC}") = "SchematicHQ.Client", "SchematicHQ.Client\SchematicHQ.Client.csproj", "{782116F8-7395-49BB-9D76-0881E88B52EC}"
EndProject
Project("{FAE04EC0-301F-11D3-BF4B-00C04F79EFBC}") = "SchematicHQ.Client.Test", "SchematicHQ.Client.Test\SchematicHQ.Client.Test.csproj", "{030346E6-9197-44F1-9AAF-4310DA28CA1A}"
EndProject
Global
	GlobalSection(SolutionConfigurationPlatforms) = preSolution
		Debug|Any CPU = Debug|Any CPU
		Release|Any CPU = Release|Any CPU
	EndGlobalSection
	GlobalSection(SolutionProperties) = preSolution
		HideSolutionNode = FALSE
	EndGlobalSection
	GlobalSection(ProjectConfigurationPlatforms) = postSolution
		{782116F8-7395-49BB-9D76-0881E88B52EC}.Debug|Any CPU.ActiveCfg = Debug|Any CPU
		{782116F8-7395-49BB-9D76-0881E88B52EC}.Debug|Any CPU.Build.0 = Debug|Any CPU
		{782116F8-7395-49BB-9D76-0881E88B52EC}.Release|Any CPU.ActiveCfg = Release|Any CPU
		{782116F8-7395-49BB-9D76-0881E88B52EC}.Release|Any CPU.Build.0 = Release|Any CPU
		{030346E6-9197-44F1-9AAF-4310DA28CA1A}.Debug|Any CPU.ActiveCfg = Debug|Any CPU
		{030346E6-9197-44F1-9AAF-4310DA28CA1A}.Debug|Any CPU.Build.0 = Debug|Any CPU
		{030346E6-9197-44F1-9AAF-4310DA28CA1A}.Release|Any CPU.ActiveCfg = Release|Any CPU
		{030346E6-9197-44F1-9AAF-4310DA28CA1A}.Release|Any CPU.Build.0 = Release|Any CPU
	EndGlobalSection
EndGlobal
